
Microsoft Visual Studio Solution File, Format Version 12.00
# Visual Studio Version 16
VisualStudioVersion = 16.0.31624.102
MinimumVisualStudioVersion = 10.0.40219.1
Project("{FAE04EC0-301F-11D3-BF4B-00C04F79EFBC}") = "FinalMillionare", "FinalMillionare\FinalMillionare.csproj", "{171D487D-5B8E-431F-9092-D03BCA9E7DB9}"
EndProject
Global
	GlobalSection(SolutionConfigurationPlatforms) = preSolution
		Debug|Any CPU = Debug|Any CPU
		Release|Any CPU = Release|Any CPU
	EndGlobalSection
	GlobalSection(ProjectConfigurationPlatforms) = postSolution
		{171D487D-5B8E-431F-9092-D03BCA9E7DB9}.Debug|Any CPU.ActiveCfg = Debug|Any CPU
		{171D487D-5B8E-431F-9092-D03BCA9E7DB9}.Debug|Any CPU.Build.0 = Debug|Any CPU
		{171D487D-5B8E-431F-9092-D03BCA9E7DB9}.Release|Any CPU.ActiveCfg = Release|Any CPU
		{171D487D-5B8E-431F-9092-D03BCA9E7DB9}.Release|Any CPU.Build.0 = Release|Any CPU
	EndGlobalSection
	GlobalSection(SolutionProperties) = preSolution
		HideSolutionNode = FALSE
	EndGlobalSection
	GlobalSection(ExtensibilityGlobals) = postSolution
		SolutionGuid = {408DADE3-EF17-462E-BDA6-793E11A27725}
	EndGlobalSection
EndGlobal
